{
  "nodes": {
    "nixpkgs": {
      "locked": {
        "lastModified": 1677088406,
        "narHash": "sha256-NWTlBr3biNZHCXxedFbObDvwgr8wj680KN6vn7w5BnI=",
        "owner": "NixOS",
        "repo": "nixpkgs",
        "rev": "2308c637ef1b66ad718a5418501b196c4c3243c8",
        "type": "github"
      },
      "original": {
        "owner": "NixOS",
        "repo": "nixpkgs",
        "type": "github"
      }
    },
    "root": {
      "inputs": {
        "nixpkgs": "nixpkgs"
      }
    }
  },
  "root": "root",
  "version": 7
}
