
Microsoft Visual Studio Solution File, Format Version 12.00
# Visual Studio Version 17
VisualStudioVersion = 17.3.32929.385
MinimumVisualStudioVersion = 10.0.40219.1
Project("{F2A71F9B-5D33-465A-A702-920D77279786}") = "kurs_fsharp", "kurs_fsharp\kurs_fsharp.fsproj", "{EE4648B4-4A10-4DD4-9DE6-B4FDD32830E2}"
EndProject
Global
	GlobalSection(SolutionConfigurationPlatforms) = preSolution
		Debug|Any CPU = Debug|Any CPU
		Release|Any CPU = Release|Any CPU
	EndGlobalSection
	GlobalSection(ProjectConfigurationPlatforms) = postSolution
		{EE4648B4-4A10-4DD4-9DE6-B4FDD32830E2}.Debug|Any CPU.ActiveCfg = Debug|Any CPU
		{EE4648B4-4A10-4DD4-9DE6-B4FDD32830E2}.Debug|Any CPU.Build.0 = Debug|Any CPU
		{EE4648B4-4A10-4DD4-9DE6-B4FDD32830E2}.Release|Any CPU.ActiveCfg = Release|Any CPU
		{EE4648B4-4A10-4DD4-9DE6-B4FDD32830E2}.Release|Any CPU.Build.0 = Release|Any CPU
	EndGlobalSection
	GlobalSection(SolutionProperties) = preSolution
		HideSolutionNode = FALSE
	EndGlobalSection
	GlobalSection(ExtensibilityGlobals) = postSolution
		SolutionGuid = {FB9F1BB3-DA88-4F3C-A7A2-D72A9CD34712}
	EndGlobalSection
EndGlobal
