{
  "nodes": {
    "nixpkgs": {
      "locked": {
        "lastModified": 1677743012,
        "narHash": "sha256-79VOTAtGZZ+OcDH22kFCQ8rYAt6zwKdPYinInQlv+XA=",
        "owner": "NixOs",
        "repo": "nixpkgs",
        "rev": "690288fd371266528921bdd4041d0c2a6e54a880",
        "type": "github"
      },
      "original": {
        "owner": "NixOs",
        "repo": "nixpkgs",
        "type": "github"
      }
    },
    "root": {
      "inputs": {
        "nixpkgs": "nixpkgs"
      }
    }
  },
  "root": "root",
  "version": 7
}
