{
  "nodes": {
    "nixpkgs": {
      "locked": {
        "lastModified": 1677014303,
        "narHash": "sha256-4kDwMNDntAywpoPm4dxkpspJTgR9h/bbrtZ+HW57x7s=",
        "owner": "NixOS",
        "repo": "nixpkgs",
        "rev": "ec792bb29ea19e797cf8c1c7f83be742864744e8",
        "type": "github"
      },
      "original": {
        "owner": "NixOS",
        "repo": "nixpkgs",
        "type": "github"
      }
    },
    "root": {
      "inputs": {
        "nixpkgs": "nixpkgs"
      }
    }
  },
  "root": "root",
  "version": 7
}
